
Microsoft Visual Studio Solution File, Format Version 12.00
# Visual Studio Version 17
VisualStudioVersion = 17.0.32014.148
MinimumVisualStudioVersion = 10.0.40219.1
Project("{FAE04EC0-301F-11D3-BF4B-00C04F79EFBC}") = "ClassLabNu", "ClassLabNu\ClassLabNu.csproj", "{A858F4B1-D8FE-4613-A434-FE1B4453F156}"
EndProject
Global
	GlobalSection(SolutionConfigurationPlatforms) = preSolution
		Debug|Any CPU = Debug|Any CPU
		Release|Any CPU = Release|Any CPU
	EndGlobalSection
	GlobalSection(ProjectConfigurationPlatforms) = postSolution
		{A858F4B1-D8FE-4613-A434-FE1B4453F156}.Debug|Any CPU.ActiveCfg = Debug|Any CPU
		{A858F4B1-D8FE-4613-A434-FE1B4453F156}.Debug|Any CPU.Build.0 = Debug|Any CPU
		{A858F4B1-D8FE-4613-A434-FE1B4453F156}.Release|Any CPU.ActiveCfg = Release|Any CPU
		{A858F4B1-D8FE-4613-A434-FE1B4453F156}.Release|Any CPU.Build.0 = Release|Any CPU
	EndGlobalSection
	GlobalSection(SolutionProperties) = preSolution
		HideSolutionNode = FALSE
	EndGlobalSection
	GlobalSection(ExtensibilityGlobals) = postSolution
		SolutionGuid = {9A4C0ECF-01ED-4714-914E-512A40724E87}
	EndGlobalSection
EndGlobal
